
Microsoft Visual Studio Solution File, Format Version 12.00
# Visual Studio Version 17
VisualStudioVersion = 17.14.36811.4
MinimumVisualStudioVersion = 10.0.40219.1
Project("{2150E333-8FDC-42A3-9474-1A3956D46DE8}") = "4 - Domain", "4 - Domain", "{02EA681E-C7D8-13C7-8484-4AC65E1B71E8}"
EndProject
Project("{2150E333-8FDC-42A3-9474-1A3956D46DE8}") = "2 - Services", "2 - Services", "{330FB65A-E285-4BAD-BC14-C8E3D5E4B22E}"
EndProject
Project("{2150E333-8FDC-42A3-9474-1A3956D46DE8}") = "1 - Core", "1 - Core", "{39098418-0BEA-4253-AB18-5F36456D1184}"
EndProject
Project("{2150E333-8FDC-42A3-9474-1A3956D46DE8}") = "3 - Application", "3 - Application", "{5673867D-C15A-4082-9EF2-8E904706CCB9}"
EndProject
Project("{2150E333-8FDC-42A3-9474-1A3956D46DE8}") = "5 - Infra", "5 - Infra", "{D31236E4-7680-48A9-AD30-D93D75F09B74}"
EndProject
Project("{FAE04EC0-301F-11D3-BF4B-00C04F79EFBC}") = "Domain", "src\Domain\Domain.csproj", "{F7B3AAE8-9C8A-4D33-A9E0-B80DE3B4C546}"
EndProject
Project("{FAE04EC0-301F-11D3-BF4B-00C04F79EFBC}") = "Core", "src\Core\Core.csproj", "{7326BC4E-3304-455C-AAD1-FC8926DAB944}"
EndProject
Project("{2150E333-8FDC-42A3-9474-1A3956D46DE8}") = "5.1 - Data", "5.1 - Data", "{AC77F923-30E5-4627-AA06-E1B3B3656395}"
EndProject
Project("{FAE04EC0-301F-11D3-BF4B-00C04F79EFBC}") = "Infra.Data", "src\Infra.Data\Infra.Data.csproj", "{993678DA-FD9C-4596-B196-D69D9E43B8AF}"
EndProject
Project("{FAE04EC0-301F-11D3-BF4B-00C04F79EFBC}") = "Application", "src\Application\Application.csproj", "{6CCD2E9C-C2FF-406A-8E8B-1F81C2483AE6}"
EndProject
Project("{FAE04EC0-301F-11D3-BF4B-00C04F79EFBC}") = "Services.Api", "src\Services.Api\Services.Api.csproj", "{2E3D7938-8E6A-465D-BF7A-12BA45BBC698}"
EndProject
Project("{2150E333-8FDC-42A3-9474-1A3956D46DE8}") = "6 - Tests", "6 - Tests", "{53EE774D-D052-4F1D-8C78-DE9740344120}"
EndProject
Project("{2150E333-8FDC-42A3-9474-1A3956D46DE8}") = "Integration Tests", "Integration Tests", "{7E43ACEA-8859-43B1-85C4-A21E51CEF27C}"
EndProject
Project("{FAE04EC0-301F-11D3-BF4B-00C04F79EFBC}") = "WebApp.Tests", "tests\WebApp.Tests\WebApp.Tests.csproj", "{7D7BFB47-D0CE-4DFD-8F00-0D11019C1E16}"
EndProject
Global
	GlobalSection(SolutionConfigurationPlatforms) = preSolution
		Debug|Any CPU = Debug|Any CPU
		Release|Any CPU = Release|Any CPU
	EndGlobalSection
	GlobalSection(ProjectConfigurationPlatforms) = postSolution
		{F7B3AAE8-9C8A-4D33-A9E0-B80DE3B4C546}.Debug|Any CPU.ActiveCfg = Debug|Any CPU
		{F7B3AAE8-9C8A-4D33-A9E0-B80DE3B4C546}.Debug|Any CPU.Build.0 = Debug|Any CPU
		{F7B3AAE8-9C8A-4D33-A9E0-B80DE3B4C546}.Release|Any CPU.ActiveCfg = Release|Any CPU
		{F7B3AAE8-9C8A-4D33-A9E0-B80DE3B4C546}.Release|Any CPU.Build.0 = Release|Any CPU
		{7326BC4E-3304-455C-AAD1-FC8926DAB944}.Debug|Any CPU.ActiveCfg = Debug|Any CPU
		{7326BC4E-3304-455C-AAD1-FC8926DAB944}.Debug|Any CPU.Build.0 = Debug|Any CPU
		{7326BC4E-3304-455C-AAD1-FC8926DAB944}.Release|Any CPU.ActiveCfg = Release|Any CPU
		{7326BC4E-3304-455C-AAD1-FC8926DAB944}.Release|Any CPU.Build.0 = Release|Any CPU
		{993678DA-FD9C-4596-B196-D69D9E43B8AF}.Debug|Any CPU.ActiveCfg = Debug|Any CPU
		{993678DA-FD9C-4596-B196-D69D9E43B8AF}.Debug|Any CPU.Build.0 = Debug|Any CPU
		{993678DA-FD9C-4596-B196-D69D9E43B8AF}.Release|Any CPU.ActiveCfg = Release|Any CPU
		{993678DA-FD9C-4596-B196-D69D9E43B8AF}.Release|Any CPU.Build.0 = Release|Any CPU
		{6CCD2E9C-C2FF-406A-8E8B-1F81C2483AE6}.Debug|Any CPU.ActiveCfg = Debug|Any CPU
		{6CCD2E9C-C2FF-406A-8E8B-1F81C2483AE6}.Debug|Any CPU.Build.0 = Debug|Any CPU
		{6CCD2E9C-C2FF-406A-8E8B-1F81C2483AE6}.Release|Any CPU.ActiveCfg = Release|Any CPU
		{6CCD2E9C-C2FF-406A-8E8B-1F81C2483AE6}.Release|Any CPU.Build.0 = Release|Any CPU
		{2E3D7938-8E6A-465D-BF7A-12BA45BBC698}.Debug|Any CPU.ActiveCfg = Debug|Any CPU
		{2E3D7938-8E6A-465D-BF7A-12BA45BBC698}.Debug|Any CPU.Build.0 = Debug|Any CPU
		{2E3D7938-8E6A-465D-BF7A-12BA45BBC698}.Release|Any CPU.ActiveCfg = Release|Any CPU
		{2E3D7938-8E6A-465D-BF7A-12BA45BBC698}.Release|Any CPU.Build.0 = Release|Any CPU
		{7D7BFB47-D0CE-4DFD-8F00-0D11019C1E16}.Debug|Any CPU.ActiveCfg = Debug|Any CPU
		{7D7BFB47-D0CE-4DFD-8F00-0D11019C1E16}.Debug|Any CPU.Build.0 = Debug|Any CPU
		{7D7BFB47-D0CE-4DFD-8F00-0D11019C1E16}.Release|Any CPU.ActiveCfg = Release|Any CPU
		{7D7BFB47-D0CE-4DFD-8F00-0D11019C1E16}.Release|Any CPU.Build.0 = Release|Any CPU
	EndGlobalSection
	GlobalSection(SolutionProperties) = preSolution
		HideSolutionNode = FALSE
	EndGlobalSection
	GlobalSection(NestedProjects) = preSolution
		{F7B3AAE8-9C8A-4D33-A9E0-B80DE3B4C546} = {02EA681E-C7D8-13C7-8484-4AC65E1B71E8}
		{7326BC4E-3304-455C-AAD1-FC8926DAB944} = {39098418-0BEA-4253-AB18-5F36456D1184}
		{AC77F923-30E5-4627-AA06-E1B3B3656395} = {D31236E4-7680-48A9-AD30-D93D75F09B74}
		{993678DA-FD9C-4596-B196-D69D9E43B8AF} = {AC77F923-30E5-4627-AA06-E1B3B3656395}
		{6CCD2E9C-C2FF-406A-8E8B-1F81C2483AE6} = {5673867D-C15A-4082-9EF2-8E904706CCB9}
		{2E3D7938-8E6A-465D-BF7A-12BA45BBC698} = {330FB65A-E285-4BAD-BC14-C8E3D5E4B22E}
		{7E43ACEA-8859-43B1-85C4-A21E51CEF27C} = {53EE774D-D052-4F1D-8C78-DE9740344120}
		{7D7BFB47-D0CE-4DFD-8F00-0D11019C1E16} = {7E43ACEA-8859-43B1-85C4-A21E51CEF27C}
	EndGlobalSection
	GlobalSection(ExtensibilityGlobals) = postSolution
		SolutionGuid = {83686F05-F6BC-4F43-9D06-FEA88A75A8C5}
	EndGlobalSection
EndGlobal
